// !$*UTF8*$!
{
	archiveVersion = 1;
	classes = {
	};
	objectVersion = 77;
	objects = {

/* Begin PBXBuildFile section */
		C12C38662EF626E100301E39 /* SharedConfig.swift in Sources */ = {isa = PBXBuildFile; fileRef = C12C384C2EF626E100301E39 /* SharedConfig.swift */; };
		C12C38672EF626E100301E39 /* SharedQuoteStore.swift in Sources */ = {isa = PBXBuildFile; fileRef = C12C384D2EF626E100301E39 /* SharedQuoteStore.swift */; };
		C12C386A2EF626E100301E39 /* SharedQuoteStore.swift in Sources */ = {isa = PBXBuildFile; fileRef = C12C384D2EF626E100301E39 /* SharedQuoteStore.swift */; };
		C12C38712EF626E100301E39 /* QuoteModel.swift in Sources */ = {isa = PBXBuildFile; fileRef = C12C386D2EF626E100301E39 /* QuoteModel.swift */; };
		C12C387D2F01DA6800301E39 /* SharedConfig.swift in Sources */ = {isa = PBXBuildFile; fileRef = C12C384C2EF626E100301E39 /* SharedConfig.swift */; };
		C12C387E2F01DA7000301E39 /* QuoteModel.swift in Sources */ = {isa = PBXBuildFile; fileRef = C12C386D2EF626E100301E39 /* QuoteModel.swift */; };
		C12C38AD2F01F32D00301E39 /* MemmiService.swift in Sources */ = {isa = PBXBuildFile; fileRef = C12C38AC2F01F32900301E39 /* MemmiService.swift */; };
		C12C38AF2F01F3D500301E39 /* MemmiBubble.swift in Sources */ = {isa = PBXBuildFile; fileRef = C12C38AE2F01F3D100301E39 /* MemmiBubble.swift */; };
		C12C38B12F0200DD00301E39 /* AppConfig.swift in Sources */ = {isa = PBXBuildFile; fileRef = C12C38B02F0200D600301E39 /* AppConfig.swift */; };
		C1628C442EE6857D003A8FA2 /* WidgetKit.framework in Frameworks */ = {isa = PBXBuildFile; fileRef = C16334762ECEAC1300F79895 /* WidgetKit.framework */; };
		C1628C452EE6857D003A8FA2 /* SwiftUI.framework in Frameworks */ = {isa = PBXBuildFile; fileRef = C16334782ECEAC1300F79895 /* SwiftUI.framework */; };
		C1628C522EE6857E003A8FA2 /* QuoteOfTheDayWidgetExtension.appex in Embed Foundation Extensions */ = {isa = PBXBuildFile; fileRef = C1628C432EE6857D003A8FA2 /* QuoteOfTheDayWidgetExtension.appex */; settings = {ATTRIBUTES = (RemoveHeadersOnCopy, ); }; };
		C163345D2ECB91D600F79895 /* Assets.xcassets in Resources */ = {isa = PBXBuildFile; fileRef = C16334552ECB91D600F79895 /* Assets.xcassets */; };
		C17727052F037C20008F84E8 /* SnackBarView.swift in Sources */ = {isa = PBXBuildFile; fileRef = C17727042F037C13008F84E8 /* SnackBarView.swift */; };
		C17727072F037C9A008F84E8 /* SnackQuoteLibrary.swift in Sources */ = {isa = PBXBuildFile; fileRef = C17727062F037C96008F84E8 /* SnackQuoteLibrary.swift */; };
/* End PBXBuildFile section */

/* Begin PBXContainerItemProxy section */
		C1628C502EE6857E003A8FA2 /* PBXContainerItemProxy */ = {
			isa = PBXContainerItemProxy;
			containerPortal = C1892A2A2EC6A29100E4C95B /* Project object */;
			proxyType = 1;
			remoteGlobalIDString = C1628C422EE6857D003A8FA2;
			remoteInfo = QuoteOfTheDayWidgetExtension;
		};
/* End PBXContainerItemProxy section */

/* Begin PBXCopyFilesBuildPhase section */
		C163348D2ECEAC1400F79895 /* Embed Foundation Extensions */ = {
			isa = PBXCopyFilesBuildPhase;
			buildActionMask = 2147483647;
			dstPath = "";
			dstSubfolderSpec = 13;
			files = (
				C1628C522EE6857E003A8FA2 /* QuoteOfTheDayWidgetExtension.appex in Embed Foundation Extensions */,
			);
			name = "Embed Foundation Extensions";
			runOnlyForDeploymentPostprocessing = 0;
		};
/* End PBXCopyFilesBuildPhase section */

/* Begin PBXFileReference section */
		C12C384C2EF626E100301E39 /* SharedConfig.swift */ = {isa = PBXFileReference; lastKnownFileType = sourcecode.swift; path = SharedConfig.swift; sourceTree = "<group>"; };
		C12C384D2EF626E100301E39 /* SharedQuoteStore.swift */ = {isa = PBXFileReference; lastKnownFileType = sourcecode.swift; path = SharedQuoteStore.swift; sourceTree = "<group>"; };
		C12C386D2EF626E100301E39 /* QuoteModel.swift */ = {isa = PBXFileReference; lastKnownFileType = sourcecode.swift; path = QuoteModel.swift; sourceTree = "<group>"; };
		C12C38AC2F01F32900301E39 /* MemmiService.swift */ = {isa = PBXFileReference; lastKnownFileType = sourcecode.swift; path = MemmiService.swift; sourceTree = "<group>"; };
		C12C38AE2F01F3D100301E39 /* MemmiBubble.swift */ = {isa = PBXFileReference; lastKnownFileType = sourcecode.swift; path = MemmiBubble.swift; sourceTree = "<group>"; };
		C12C38B02F0200D600301E39 /* AppConfig.swift */ = {isa = PBXFileReference; lastKnownFileType = sourcecode.swift; path = AppConfig.swift; sourceTree = "<group>"; };
		C1628C432EE6857D003A8FA2 /* QuoteOfTheDayWidgetExtension.appex */ = {isa = PBXFileReference; explicitFileType = "wrapper.app-extension"; includeInIndex = 0; path = QuoteOfTheDayWidgetExtension.appex; sourceTree = BUILT_PRODUCTS_DIR; };
		C1628C5C2EE6870B003A8FA2 /* QuoteOfTheDayWidgetExtension.entitlements */ = {isa = PBXFileReference; lastKnownFileType = text.plist.entitlements; path = QuoteOfTheDayWidgetExtension.entitlements; sourceTree = "<group>"; };
		C16334552ECB91D600F79895 /* Assets.xcassets */ = {isa = PBXFileReference; lastKnownFileType = folder.assetcatalog; path = Assets.xcassets; sourceTree = "<group>"; };
		C16334762ECEAC1300F79895 /* WidgetKit.framework */ = {isa = PBXFileReference; lastKnownFileType = wrapper.framework; name = WidgetKit.framework; path = System/Library/Frameworks/WidgetKit.framework; sourceTree = SDKROOT; };
		C16334782ECEAC1300F79895 /* SwiftUI.framework */ = {isa = PBXFileReference; lastKnownFileType = wrapper.framework; name = SwiftUI.framework; path = System/Library/Frameworks/SwiftUI.framework; sourceTree = SDKROOT; };
		C163348E2ECEAC5800F79895 /* QuotieWidgetExtension.entitlements */ = {isa = PBXFileReference; lastKnownFileType = text.plist.entitlements; path = QuotieWidgetExtension.entitlements; sourceTree = "<group>"; };
		C17727042F037C13008F84E8 /* SnackBarView.swift */ = {isa = PBXFileReference; lastKnownFileType = sourcecode.swift; path = SnackBarView.swift; sourceTree = "<group>"; };
		C17727062F037C96008F84E8 /* SnackQuoteLibrary.swift */ = {isa = PBXFileReference; lastKnownFileType = sourcecode.swift; path = SnackQuoteLibrary.swift; sourceTree = "<group>"; };
		C17D669C2EE65CA900DF68AC /* QuotieWidget2Extension.entitlements */ = {isa = PBXFileReference; lastKnownFileType = text.plist.entitlements; path = QuotieWidget2Extension.entitlements; sourceTree = "<group>"; };
		C1892A322EC6A29100E4C95B /* Quotie.app */ = {isa = PBXFileReference; explicitFileType = wrapper.application; includeInIndex = 0; path = Quotie.app; sourceTree = BUILT_PRODUCTS_DIR; };
/* End PBXFileReference section */

/* Begin PBXFileSystemSynchronizedBuildFileExceptionSet section */
		C1628C562EE6857E003A8FA2 /* Exceptions for "QuoteOfTheDayWidget" folder in "QuoteOfTheDayWidgetExtension" target */ = {
			isa = PBXFileSystemSynchronizedBuildFileExceptionSet;
			membershipExceptions = (
				Info.plist,
			);
			target = C1628C422EE6857D003A8FA2 /* QuoteOfTheDayWidgetExtension */;
		};
		C163346E2ECCE9F700F79895 /* Exceptions for "Quotie" folder in "Quotie" target */ = {
			isa = PBXFileSystemSynchronizedBuildFileExceptionSet;
			membershipExceptions = (
				Info.plist,
			);
			target = C1892A312EC6A29100E4C95B /* Quotie */;
		};
/* End PBXFileSystemSynchronizedBuildFileExceptionSet section */

/* Begin PBXFileSystemSynchronizedRootGroup section */
		C1628C462EE6857D003A8FA2 /* QuoteOfTheDayWidget */ = {
			isa = PBXFileSystemSynchronizedRootGroup;
			exceptions = (
				C1628C562EE6857E003A8FA2 /* Exceptions for "QuoteOfTheDayWidget" folder in "QuoteOfTheDayWidgetExtension" target */,
			);
			path = QuoteOfTheDayWidget;
			sourceTree = "<group>";
		};
		C163347A2ECEAC1300F79895 /* QuotieWidget */ = {
			isa = PBXFileSystemSynchronizedRootGroup;
			path = QuotieWidget;
			sourceTree = "<group>";
		};
		C1892A342EC6A29100E4C95B /* Quotie */ = {
			isa = PBXFileSystemSynchronizedRootGroup;
			exceptions = (
				C163346E2ECCE9F700F79895 /* Exceptions for "Quotie" folder in "Quotie" target */,
			);
			path = Quotie;
			sourceTree = "<group>";
		};
/* End PBXFileSystemSynchronizedRootGroup section */

/* Begin PBXFrameworksBuildPhase section */
		C1628C402EE6857D003A8FA2 /* Frameworks */ = {
			isa = PBXFrameworksBuildPhase;
			buildActionMask = 2147483647;
			files = (
				C1628C452EE6857D003A8FA2 /* SwiftUI.framework in Frameworks */,
				C1628C442EE6857D003A8FA2 /* WidgetKit.framework in Frameworks */,
			);
			runOnlyForDeploymentPostprocessing = 0;
		};
		C1892A2F2EC6A29100E4C95B /* Frameworks */ = {
			isa = PBXFrameworksBuildPhase;
			buildActionMask = 2147483647;
			files = (
			);
			runOnlyForDeploymentPostprocessing = 0;
		};
/* End PBXFrameworksBuildPhase section */

/* Begin PBXGroup section */
		C12C387C2F01D8F400301E39 /* Shared */ = {
			isa = PBXGroup;
			children = (
				C12C386D2EF626E100301E39 /* QuoteModel.swift */,
				C12C384D2EF626E100301E39 /* SharedQuoteStore.swift */,
				C12C384C2EF626E100301E39 /* SharedConfig.swift */,
			);
			path = Shared;
			sourceTree = "<group>";
		};
		C16334752ECEAC1300F79895 /* Frameworks */ = {
			isa = PBXGroup;
			children = (
				C16334762ECEAC1300F79895 /* WidgetKit.framework */,
				C16334782ECEAC1300F79895 /* SwiftUI.framework */,
			);
			name = Frameworks;
			sourceTree = "<group>";
		};
		C1892A292EC6A29100E4C95B = {
			isa = PBXGroup;
			children = (
				C17727062F037C96008F84E8 /* SnackQuoteLibrary.swift */,
				C17727042F037C13008F84E8 /* SnackBarView.swift */,
				C12C38B02F0200D600301E39 /* AppConfig.swift */,
				C12C38AE2F01F3D100301E39 /* MemmiBubble.swift */,
				C12C38AC2F01F32900301E39 /* MemmiService.swift */,
				C12C387C2F01D8F400301E39 /* Shared */,
				C1628C5C2EE6870B003A8FA2 /* QuoteOfTheDayWidgetExtension.entitlements */,
				C17D669C2EE65CA900DF68AC /* QuotieWidget2Extension.entitlements */,
				C163348E2ECEAC5800F79895 /* QuotieWidgetExtension.entitlements */,
				C16334552ECB91D600F79895 /* Assets.xcassets */,
				C1892A342EC6A29100E4C95B /* Quotie */,
				C163347A2ECEAC1300F79895 /* QuotieWidget */,
				C1628C462EE6857D003A8FA2 /* QuoteOfTheDayWidget */,
				C16334752ECEAC1300F79895 /* Frameworks */,
				C1892A332EC6A29100E4C95B /* Products */,
			);
			sourceTree = "<group>";
		};
		C1892A332EC6A29100E4C95B /* Products */ = {
			isa = PBXGroup;
			children = (
				C1892A322EC6A29100E4C95B /* Quotie.app */,
				C1628C432EE6857D003A8FA2 /* QuoteOfTheDayWidgetExtension.appex */,
			);
			name = Products;
			sourceTree = "<group>";
		};
/* End PBXGroup section */

/* Begin PBXNativeTarget section */
		C1628C422EE6857D003A8FA2 /* QuoteOfTheDayWidgetExtension */ = {
			isa = PBXNativeTarget;
			buildConfigurationList = C1628C532EE6857E003A8FA2 /* Build configuration list for PBXNativeTarget "QuoteOfTheDayWidgetExtension" */;
			buildPhases = (
				C1628C3F2EE6857D003A8FA2 /* Sources */,
				C1628C402EE6857D003A8FA2 /* Frameworks */,
				C1628C412EE6857D003A8FA2 /* Resources */,
			);
			buildRules = (
			);
			dependencies = (
			);
			fileSystemSynchronizedGroups = (
				C1628C462EE6857D003A8FA2 /* QuoteOfTheDayWidget */,
			);
			name = QuoteOfTheDayWidgetExtension;
			packageProductDependencies = (
			);
			productName = QuoteOfTheDayWidgetExtension;
			productReference = C1628C432EE6857D003A8FA2 /* QuoteOfTheDayWidgetExtension.appex */;
			productType = "com.apple.product-type.app-extension";
		};
		C1892A312EC6A29100E4C95B /* Quotie */ = {
			isa = PBXNativeTarget;
			buildConfigurationList = C1892A3D2EC6A29200E4C95B /* Build configuration list for PBXNativeTarget "Quotie" */;
			buildPhases = (
				C1892A2E2EC6A29100E4C95B /* Sources */,
				C1892A2F2EC6A29100E4C95B /* Frameworks */,
				C1892A302EC6A29100E4C95B /* Resources */,
				C163348D2ECEAC1400F79895 /* Embed Foundation Extensions */,
			);
			buildRules = (
			);
			dependencies = (
				C1628C512EE6857E003A8FA2 /* PBXTargetDependency */,
			);
			fileSystemSynchronizedGroups = (
				C1892A342EC6A29100E4C95B /* Quotie */,
			);
			name = Quotie;
			packageProductDependencies = (
			);
			productName = Quotie;
			productReference = C1892A322EC6A29100E4C95B /* Quotie.app */;
			productType = "com.apple.product-type.application";
		};
/* End PBXNativeTarget section */

/* Begin PBXProject section */
		C1892A2A2EC6A29100E4C95B /* Project object */ = {
			isa = PBXProject;
			attributes = {
				BuildIndependentTargetsInParallel = 1;
				LastSwiftUpdateCheck = 2610;
				LastUpgradeCheck = 2620;
				TargetAttributes = {
					C1628C422EE6857D003A8FA2 = {
						CreatedOnToolsVersion = 26.1.1;
					};
					C1892A312EC6A29100E4C95B = {
						CreatedOnToolsVersion = 26.1.1;
					};
				};
			};
			buildConfigurationList = C1892A2D2EC6A29100E4C95B /* Build configuration list for PBXProject "Quotie" */;
			developmentRegion = en;
			hasScannedForEncodings = 0;
			knownRegions = (
				en,
				Base,
			);
			mainGroup = C1892A292EC6A29100E4C95B;
			minimizedProjectReferenceProxies = 1;
			preferredProjectObjectVersion = 77;
			productRefGroup = C1892A332EC6A29100E4C95B /* Products */;
			projectDirPath = "";
			projectRoot = "";
			targets = (
				C1892A312EC6A29100E4C95B /* Quotie */,
				C1628C422EE6857D003A8FA2 /* QuoteOfTheDayWidgetExtension */,
			);
		};
/* End PBXProject section */

/* Begin PBXResourcesBuildPhase section */
		C1628C412EE6857D003A8FA2 /* Resources */ = {
			isa = PBXResourcesBuildPhase;
			buildActionMask = 2147483647;
			files = (
			);
			runOnlyForDeploymentPostprocessing = 0;
		};
		C1892A302EC6A29100E4C95B /* Resources */ = {
			isa = PBXResourcesBuildPhase;
			buildActionMask = 2147483647;
			files = (
				C163345D2ECB91D600F79895 /* Assets.xcassets in Resources */,
			);
			runOnlyForDeploymentPostprocessing = 0;
		};
/* End PBXResourcesBuildPhase section */

/* Begin PBXSourcesBuildPhase section */
		C1628C3F2EE6857D003A8FA2 /* Sources */ = {
			isa = PBXSourcesBuildPhase;
			buildActionMask = 2147483647;
			files = (
				C12C387E2F01DA7000301E39 /* QuoteModel.swift in Sources */,
				C12C386A2EF626E100301E39 /* SharedQuoteStore.swift in Sources */,
				C12C387D2F01DA6800301E39 /* SharedConfig.swift in Sources */,
			);
			runOnlyForDeploymentPostprocessing = 0;
		};
		C1892A2E2EC6A29100E4C95B /* Sources */ = {
			isa = PBXSourcesBuildPhase;
			buildActionMask = 2147483647;
			files = (
				C12C38AF2F01F3D500301E39 /* MemmiBubble.swift in Sources */,
				C12C38B12F0200DD00301E39 /* AppConfig.swift in Sources */,
				C12C38AD2F01F32D00301E39 /* MemmiService.swift in Sources */,
				C17727072F037C9A008F84E8 /* SnackQuoteLibrary.swift in Sources */,
				C17727052F037C20008F84E8 /* SnackBarView.swift in Sources */,
				C12C38662EF626E100301E39 /* SharedConfig.swift in Sources */,
				C12C38712EF626E100301E39 /* QuoteModel.swift in Sources */,
				C12C38672EF626E100301E39 /* SharedQuoteStore.swift in Sources */,
			);
			runOnlyForDeploymentPostprocessing = 0;
		};
/* End PBXSourcesBuildPhase section */

/* Begin PBXTargetDependency section */
		C1628C512EE6857E003A8FA2 /* PBXTargetDependency */ = {
			isa = PBXTargetDependency;
			target = C1628C422EE6857D003A8FA2 /* QuoteOfTheDayWidgetExtension */;
			targetProxy = C1628C502EE6857E003A8FA2 /* PBXContainerItemProxy */;
		};
/* End PBXTargetDependency section */

/* Begin XCBuildConfiguration section */
		C1628C542EE6857E003A8FA2 /* Debug */ = {
			isa = XCBuildConfiguration;
			buildSettings = {
				ASSETCATALOG_COMPILER_GLOBAL_ACCENT_COLOR_NAME = AccentColor;
				ASSETCATALOG_COMPILER_WIDGET_BACKGROUND_COLOR_NAME = WidgetBackground;
				CODE_SIGN_ENTITLEMENTS = QuoteOfTheDayWidgetExtension.entitlements;
				CODE_SIGN_STYLE = Automatic;
				CURRENT_PROJECT_VERSION = 1;
				DEVELOPMENT_TEAM = LV8JT6Z4FF;
				GENERATE_INFOPLIST_FILE = YES;
				INFOPLIST_FILE = QuoteOfTheDayWidget/Info.plist;
				INFOPLIST_KEY_CFBundleDisplayName = QuoteOfTheDayWidget;
				INFOPLIST_KEY_NSHumanReadableCopyright = "";
				LD_RUNPATH_SEARCH_PATHS = (
					"$(inherited)",
					"@executable_path/Frameworks",
					"@executable_path/../../Frameworks",
				);
				MARKETING_VERSION = 1.0;
				PRODUCT_BUNDLE_IDENTIFIER = com.QuotichApp.Quotich.QuoteOfTheDayWidget;
				PRODUCT_NAME = "$(TARGET_NAME)";
				SKIP_INSTALL = YES;
				STRING_CATALOG_GENERATE_SYMBOLS = YES;
				SWIFT_APPROACHABLE_CONCURRENCY = YES;
				SWIFT_EMIT_LOC_STRINGS = YES;
				SWIFT_UPCOMING_FEATURE_MEMBER_IMPORT_VISIBILITY = YES;
				SWIFT_VERSION = 5.0;
				TARGETED_DEVICE_FAMILY = "1,2";
			};
			name = Debug;
		};
		C1628C552EE6857E003A8FA2 /* Release */ = {
			isa = XCBuildConfiguration;
			buildSettings = {
				ASSETCATALOG_COMPILER_GLOBAL_ACCENT_COLOR_NAME = AccentColor;
				ASSETCATALOG_COMPILER_WIDGET_BACKGROUND_COLOR_NAME = WidgetBackground;
				CODE_SIGN_ENTITLEMENTS = QuoteOfTheDayWidgetExtension.entitlements;
				CODE_SIGN_STYLE = Automatic;
				CURRENT_PROJECT_VERSION = 1;
				DEVELOPMENT_TEAM = LV8JT6Z4FF;
				GENERATE_INFOPLIST_FILE = YES;
				INFOPLIST_FILE = QuoteOfTheDayWidget/Info.plist;
				INFOPLIST_KEY_CFBundleDisplayName = QuoteOfTheDayWidget;
				INFOPLIST_KEY_NSHumanReadableCopyright = "";
				LD_RUNPATH_SEARCH_PATHS = (
					"$(inherited)",
					"@executable_path/Frameworks",
					"@executable_path/../../Frameworks",
				);
				MARKETING_VERSION = 1.0;
				PRODUCT_BUNDLE_IDENTIFIER = com.QuotichApp.Quotich.QuoteOfTheDayWidget;
				PRODUCT_NAME = "$(TARGET_NAME)";
				SKIP_INSTALL = YES;
				STRING_CATALOG_GENERATE_SYMBOLS = YES;
				SWIFT_APPROACHABLE_CONCURRENCY = YES;
				SWIFT_EMIT_LOC_STRINGS = YES;
				SWIFT_UPCOMING_FEATURE_MEMBER_IMPORT_VISIBILITY = YES;
				SWIFT_VERSION = 5.0;
				TARGETED_DEVICE_FAMILY = "1,2";
			};
			name = Release;
		};
		C1892A3B2EC6A29200E4C95B /* Debug */ = {
			isa = XCBuildConfiguration;
			buildSettings = {
				ALWAYS_SEARCH_USER_PATHS = NO;
				ASSETCATALOG_COMPILER_GENERATE_SWIFT_ASSET_SYMBOL_EXTENSIONS = YES;
				CLANG_ANALYZER_NONNULL = YES;
				CLANG_ANALYZER_NUMBER_OBJECT_CONVERSION = YES_AGGRESSIVE;
				CLANG_CXX_LANGUAGE_STANDARD = "gnu++20";
				CLANG_ENABLE_MODULES = YES;
				CLANG_ENABLE_OBJC_ARC = YES;
				CLANG_ENABLE_OBJC_WEAK = YES;
				CLANG_WARN_BLOCK_CAPTURE_AUTORELEASING = YES;
				CLANG_WARN_BOOL_CONVERSION = YES;
				CLANG_WARN_COMMA = YES;
				CLANG_WARN_CONSTANT_CONVERSION = YES;
				CLANG_WARN_DEPRECATED_OBJC_IMPLEMENTATIONS = YES;
				CLANG_WARN_DIRECT_OBJC_ISA_USAGE = YES_ERROR;
				CLANG_WARN_DOCUMENTATION_COMMENTS = YES;
				CLANG_WARN_EMPTY_BODY = YES;
				CLANG_WARN_ENUM_CONVERSION = YES;
				CLANG_WARN_INFINITE_RECURSION = YES;
				CLANG_WARN_INT_CONVERSION = YES;
				CLANG_WARN_NON_LITERAL_NULL_CONVERSION = YES;
				CLANG_WARN_OBJC_IMPLICIT_RETAIN_SELF = YES;
				CLANG_WARN_OBJC_LITERAL_CONVERSION = YES;
				CLANG_WARN_OBJC_ROOT_CLASS = YES_ERROR;
				CLANG_WARN_QUOTED_INCLUDE_IN_FRAMEWORK_HEADER = YES;
				CLANG_WARN_RANGE_LOOP_ANALYSIS = YES;
				CLANG_WARN_STRICT_PROTOTYPES = YES;
				CLANG_WARN_SUSPICIOUS_MOVE = YES;
				CLANG_WARN_UNGUARDED_AVAILABILITY = YES_AGGRESSIVE;
				CLANG_WARN_UNREACHABLE_CODE = YES;
				CLANG_WARN__DUPLICATE_METHOD_MATCH = YES;
				COPY_PHASE_STRIP = NO;
				DEBUG_INFORMATION_FORMAT = dwarf;
				DEVELOPMENT_TEAM = TTD258V5D3;
				ENABLE_STRICT_OBJC_MSGSEND = YES;
				ENABLE_TESTABILITY = YES;
				ENABLE_USER_SCRIPT_SANDBOXING = YES;
				GCC_C_LANGUAGE_STANDARD = gnu17;
				GCC_DYNAMIC_NO_PIC = NO;
				GCC_NO_COMMON_BLOCKS = YES;
				GCC_OPTIMIZATION_LEVEL = 0;
				GCC_PREPROCESSOR_DEFINITIONS = (
					"DEBUG=1",
					"$(inherited)",
				);
				GCC_WARN_64_TO_32_BIT_CONVERSION = YES;
				GCC_WARN_ABOUT_RETURN_TYPE = YES_ERROR;
				GCC_WARN_UNDECLARED_SELECTOR = YES;
				GCC_WARN_UNINITIALIZED_AUTOS = YES_AGGRESSIVE;
				GCC_WARN_UNUSED_FUNCTION = YES;
				GCC_WARN_UNUSED_VARIABLE = YES;
				IPHONEOS_DEPLOYMENT_TARGET = 26.1;
				LOCALIZATION_PREFERS_STRING_CATALOGS = YES;
				MTL_ENABLE_DEBUG_INFO = INCLUDE_SOURCE;
				MTL_FAST_MATH = YES;
				ONLY_ACTIVE_ARCH = YES;
				SDKROOT = iphoneos;
				STRING_CATALOG_GENERATE_SYMBOLS = YES;
				SWIFT_ACTIVE_COMPILATION_CONDITIONS = "DEBUG $(inherited)";
				SWIFT_OPTIMIZATION_LEVEL = "-Onone";
			};
			name = Debug;
		};
		C1892A3C2EC6A29200E4C95B /* Release */ = {
			isa = XCBuildConfiguration;
			buildSettings = {
				ALWAYS_SEARCH_USER_PATHS = NO;
				ASSETCATALOG_COMPILER_GENERATE_SWIFT_ASSET_SYMBOL_EXTENSIONS = YES;
				CLANG_ANALYZER_NONNULL = YES;
				CLANG_ANALYZER_NUMBER_OBJECT_CONVERSION = YES_AGGRESSIVE;
				CLANG_CXX_LANGUAGE_STANDARD = "gnu++20";
				CLANG_ENABLE_MODULES = YES;
				CLANG_ENABLE_OBJC_ARC = YES;
				CLANG_ENABLE_OBJC_WEAK = YES;
				CLANG_WARN_BLOCK_CAPTURE_AUTORELEASING = YES;
				CLANG_WARN_BOOL_CONVERSION = YES;
				CLANG_WARN_COMMA = YES;
				CLANG_WARN_CONSTANT_CONVERSION = YES;
				CLANG_WARN_DEPRECATED_OBJC_IMPLEMENTATIONS = YES;
				CLANG_WARN_DIRECT_OBJC_ISA_USAGE = YES_ERROR;
				CLANG_WARN_DOCUMENTATION_COMMENTS = YES;
				CLANG_WARN_EMPTY_BODY = YES;
				CLANG_WARN_ENUM_CONVERSION = YES;
				CLANG_WARN_INFINITE_RECURSION = YES;
				CLANG_WARN_INT_CONVERSION = YES;
				CLANG_WARN_NON_LITERAL_NULL_CONVERSION = YES;
				CLANG_WARN_OBJC_IMPLICIT_RETAIN_SELF = YES;
				CLANG_WARN_OBJC_LITERAL_CONVERSION = YES;
				CLANG_WARN_OBJC_ROOT_CLASS = YES_ERROR;
				CLANG_WARN_QUOTED_INCLUDE_IN_FRAMEWORK_HEADER = YES;
				CLANG_WARN_RANGE_LOOP_ANALYSIS = YES;
				CLANG_WARN_STRICT_PROTOTYPES = YES;
				CLANG_WARN_SUSPICIOUS_MOVE = YES;
				CLANG_WARN_UNGUARDED_AVAILABILITY = YES_AGGRESSIVE;
				CLANG_WARN_UNREACHABLE_CODE = YES;
				CLANG_WARN__DUPLICATE_METHOD_MATCH = YES;
				COPY_PHASE_STRIP = NO;
				DEBUG_INFORMATION_FORMAT = "dwarf-with-dsym";
				DEVELOPMENT_TEAM = TTD258V5D3;
				ENABLE_NS_ASSERTIONS = NO;
				ENABLE_STRICT_OBJC_MSGSEND = YES;
				ENABLE_USER_SCRIPT_SANDBOXING = YES;
				GCC_C_LANGUAGE_STANDARD = gnu17;
				GCC_NO_COMMON_BLOCKS = YES;
				GCC_WARN_64_TO_32_BIT_CONVERSION = YES;
				GCC_WARN_ABOUT_RETURN_TYPE = YES_ERROR;
				GCC_WARN_UNDECLARED_SELECTOR = YES;
				GCC_WARN_UNINITIALIZED_AUTOS = YES_AGGRESSIVE;
				GCC_WARN_UNUSED_FUNCTION = YES;
				GCC_WARN_UNUSED_VARIABLE = YES;
				IPHONEOS_DEPLOYMENT_TARGET = 26.1;
				LOCALIZATION_PREFERS_STRING_CATALOGS = YES;
				MTL_ENABLE_DEBUG_INFO = NO;
				MTL_FAST_MATH = YES;
				SDKROOT = iphoneos;
				STRING_CATALOG_GENERATE_SYMBOLS = YES;
				SWIFT_COMPILATION_MODE = wholemodule;
				VALIDATE_PRODUCT = YES;
			};
			name = Release;
		};
		C1892A3E2EC6A29200E4C95B /* Debug */ = {
			isa = XCBuildConfiguration;
			buildSettings = {
				ASSETCATALOG_COMPILER_APPICON_NAME = AppIcon;
				ASSETCATALOG_COMPILER_GLOBAL_ACCENT_COLOR_NAME = AccentColor;
				CODE_SIGN_ENTITLEMENTS = Quotie/Quotie.entitlements;
				CODE_SIGN_STYLE = Automatic;
				CURRENT_PROJECT_VERSION = 1;
				DEVELOPMENT_TEAM = LV8JT6Z4FF;
				ENABLE_PREVIEWS = YES;
				GENERATE_INFOPLIST_FILE = YES;
				INFOPLIST_FILE = Quotie/Info.plist;
				INFOPLIST_KEY_CFBundleDisplayName = Quotich;
				INFOPLIST_KEY_NSMicrophoneUsageDescription = "Quotie uses your microphone so you can dictate quotes";
				INFOPLIST_KEY_NSSpeechRecognitionUsageDescription = "Quotie uses speech recognition so you can speak quotes instead of typing them";
				INFOPLIST_KEY_UIApplicationSceneManifest_Generation = YES;
				INFOPLIST_KEY_UIApplicationSupportsIndirectInputEvents = YES;
				INFOPLIST_KEY_UILaunchScreen_Generation = YES;
				INFOPLIST_KEY_UISupportedInterfaceOrientations_iPad = "UIInterfaceOrientationPortrait UIInterfaceOrientationPortraitUpsideDown UIInterfaceOrientationLandscapeLeft UIInterfaceOrientationLandscapeRight";
				INFOPLIST_KEY_UISupportedInterfaceOrientations_iPhone = "UIInterfaceOrientationPortrait UIInterfaceOrientationLandscapeLeft UIInterfaceOrientationLandscapeRight";
				LD_RUNPATH_SEARCH_PATHS = (
					"$(inherited)",
					"@executable_path/Frameworks",
				);
				MARKETING_VERSION = 1.0;
				PRODUCT_BUNDLE_IDENTIFIER = com.QuotichApp.Quotich;
				PRODUCT_NAME = "$(TARGET_NAME)";
				STRING_CATALOG_GENERATE_SYMBOLS = YES;
				SWIFT_APPROACHABLE_CONCURRENCY = YES;
				SWIFT_DEFAULT_ACTOR_ISOLATION = MainActor;
				SWIFT_EMIT_LOC_STRINGS = YES;
				SWIFT_UPCOMING_FEATURE_MEMBER_IMPORT_VISIBILITY = YES;
				SWIFT_VERSION = 5.0;
				TARGETED_DEVICE_FAMILY = "1,2";
			};
			name = Debug;
		};
		C1892A3F2EC6A29200E4C95B /* Release */ = {
			isa = XCBuildConfiguration;
			buildSettings = {
				ASSETCATALOG_COMPILER_APPICON_NAME = AppIcon;
				ASSETCATALOG_COMPILER_GLOBAL_ACCENT_COLOR_NAME = AccentColor;
				CODE_SIGN_ENTITLEMENTS = Quotie/Quotie.entitlements;
				CODE_SIGN_STYLE = Automatic;
				CURRENT_PROJECT_VERSION = 1;
				DEVELOPMENT_TEAM = LV8JT6Z4FF;
				ENABLE_PREVIEWS = YES;
				GENERATE_INFOPLIST_FILE = YES;
				INFOPLIST_FILE = Quotie/Info.plist;
				INFOPLIST_KEY_CFBundleDisplayName = Quotich;
				INFOPLIST_KEY_NSMicrophoneUsageDescription = "Quotie uses your microphone so you can dictate quotes";
				INFOPLIST_KEY_NSSpeechRecognitionUsageDescription = "Quotie uses speech recognition so you can speak quotes instead of typing them";
				INFOPLIST_KEY_UIApplicationSceneManifest_Generation = YES;
				INFOPLIST_KEY_UIApplicationSupportsIndirectInputEvents = YES;
				INFOPLIST_KEY_UILaunchScreen_Generation = YES;
				INFOPLIST_KEY_UISupportedInterfaceOrientations_iPad = "UIInterfaceOrientationPortrait UIInterfaceOrientationPortraitUpsideDown UIInterfaceOrientationLandscapeLeft UIInterfaceOrientationLandscapeRight";
				INFOPLIST_KEY_UISupportedInterfaceOrientations_iPhone = "UIInterfaceOrientationPortrait UIInterfaceOrientationLandscapeLeft UIInterfaceOrientationLandscapeRight";
				LD_RUNPATH_SEARCH_PATHS = (
					"$(inherited)",
					"@executable_path/Frameworks",
				);
				MARKETING_VERSION = 1.0;
				PRODUCT_BUNDLE_IDENTIFIER = com.QuotichApp.Quotich;
				PRODUCT_NAME = "$(TARGET_NAME)";
				STRING_CATALOG_GENERATE_SYMBOLS = YES;
				SWIFT_APPROACHABLE_CONCURRENCY = YES;
				SWIFT_DEFAULT_ACTOR_ISOLATION = MainActor;
				SWIFT_EMIT_LOC_STRINGS = YES;
				SWIFT_UPCOMING_FEATURE_MEMBER_IMPORT_VISIBILITY = YES;
				SWIFT_VERSION = 5.0;
				TARGETED_DEVICE_FAMILY = "1,2";
			};
			name = Release;
		};
/* End XCBuildConfiguration section */

/* Begin XCConfigurationList section */
		C1628C532EE6857E003A8FA2 /* Build configuration list for PBXNativeTarget "QuoteOfTheDayWidgetExtension" */ = {
			isa = XCConfigurationList;
			buildConfigurations = (
				C1628C542EE6857E003A8FA2 /* Debug */,
				C1628C552EE6857E003A8FA2 /* Release */,
			);
			defaultConfigurationIsVisible = 0;
			defaultConfigurationName = Release;
		};
		C1892A2D2EC6A29100E4C95B /* Build configuration list for PBXProject "Quotie" */ = {
			isa = XCConfigurationList;
			buildConfigurations = (
				C1892A3B2EC6A29200E4C95B /* Debug */,
				C1892A3C2EC6A29200E4C95B /* Release */,
			);
			defaultConfigurationIsVisible = 0;
			defaultConfigurationName = Release;
		};
		C1892A3D2EC6A29200E4C95B /* Build configuration list for PBXNativeTarget "Quotie" */ = {
			isa = XCConfigurationList;
			buildConfigurations = (
				C1892A3E2EC6A29200E4C95B /* Debug */,
				C1892A3F2EC6A29200E4C95B /* Release */,
			);
			defaultConfigurationIsVisible = 0;
			defaultConfigurationName = Release;
		};
/* End XCConfigurationList section */
	};
	rootObject = C1892A2A2EC6A29100E4C95B /* Project object */;
}
